
Microsoft Visual Studio Solution File, Format Version 12.00
# Visual Studio Version 16
VisualStudioVersion = 16.0.30503.244
MinimumVisualStudioVersion = 10.0.40219.1
Project("{2150E333-8FDC-42A3-9474-1A3956D46DE8}") = "Brickjoon", "Brickjoon", "{32A01006-C522-453D-B2F0-7933BB0960E1}"
EndProject
Project("{8BC9CEB8-8B4A-11D0-8D11-00A0C91BC942}") = "2845", "2845\2845.vcxproj", "{4E951F70-A529-4851-9C65-C7F93797FF88}"
EndProject
Project("{8BC9CEB8-8B4A-11D0-8D11-00A0C91BC942}") = "1550", "1550\1550.vcxproj", "{A7BE50E3-CD07-4D92-A615-C75A82C2C8DD}"
EndProject
Project("{8BC9CEB8-8B4A-11D0-8D11-00A0C91BC942}") = "10828", "10828\10828.vcxproj", "{E090ED37-2625-425D-8925-1CBC80812098}"
EndProject
Project("{8BC9CEB8-8B4A-11D0-8D11-00A0C91BC942}") = "10926", "10926\10926.vcxproj", "{03C1F3EC-8DF3-4FD1-B0CF-F5B353014C04}"
EndProject
Project("{8BC9CEB8-8B4A-11D0-8D11-00A0C91BC942}") = "1978", "1978\1978.vcxproj", "{90AB0AC5-E4C0-4C82-B12D-F43DFDDEF306}"
EndProject
Project("{8BC9CEB8-8B4A-11D0-8D11-00A0C91BC942}") = "9012", "9012\9012.vcxproj", "{3EE42729-8302-4DC0-9CAB-BC1DBBD9B436}"
EndProject
Global
	GlobalSection(SolutionConfigurationPlatforms) = preSolution
		Debug|x64 = Debug|x64
		Debug|x86 = Debug|x86
		Release|x64 = Release|x64
		Release|x86 = Release|x86
	EndGlobalSection
	GlobalSection(ProjectConfigurationPlatforms) = postSolution
		{4E951F70-A529-4851-9C65-C7F93797FF88}.Debug|x64.ActiveCfg = Debug|x64
		{4E951F70-A529-4851-9C65-C7F93797FF88}.Debug|x64.Build.0 = Debug|x64
		{4E951F70-A529-4851-9C65-C7F93797FF88}.Debug|x86.ActiveCfg = Debug|Win32
		{4E951F70-A529-4851-9C65-C7F93797FF88}.Debug|x86.Build.0 = Debug|Win32
		{4E951F70-A529-4851-9C65-C7F93797FF88}.Release|x64.ActiveCfg = Release|x64
		{4E951F70-A529-4851-9C65-C7F93797FF88}.Release|x64.Build.0 = Release|x64
		{4E951F70-A529-4851-9C65-C7F93797FF88}.Release|x86.ActiveCfg = Release|Win32
		{4E951F70-A529-4851-9C65-C7F93797FF88}.Release|x86.Build.0 = Release|Win32
		{A7BE50E3-CD07-4D92-A615-C75A82C2C8DD}.Debug|x64.ActiveCfg = Debug|x64
		{A7BE50E3-CD07-4D92-A615-C75A82C2C8DD}.Debug|x64.Build.0 = Debug|x64
		{A7BE50E3-CD07-4D92-A615-C75A82C2C8DD}.Debug|x86.ActiveCfg = Debug|Win32
		{A7BE50E3-CD07-4D92-A615-C75A82C2C8DD}.Debug|x86.Build.0 = Debug|Win32
		{A7BE50E3-CD07-4D92-A615-C75A82C2C8DD}.Release|x64.ActiveCfg = Release|x64
		{A7BE50E3-CD07-4D92-A615-C75A82C2C8DD}.Release|x64.Build.0 = Release|x64
		{A7BE50E3-CD07-4D92-A615-C75A82C2C8DD}.Release|x86.ActiveCfg = Release|Win32
		{A7BE50E3-CD07-4D92-A615-C75A82C2C8DD}.Release|x86.Build.0 = Release|Win32
		{E090ED37-2625-425D-8925-1CBC80812098}.Debug|x64.ActiveCfg = Debug|x64
		{E090ED37-2625-425D-8925-1CBC80812098}.Debug|x64.Build.0 = Debug|x64
		{E090ED37-2625-425D-8925-1CBC80812098}.Debug|x86.ActiveCfg = Debug|Win32
		{E090ED37-2625-425D-8925-1CBC80812098}.Debug|x86.Build.0 = Debug|Win32
		{E090ED37-2625-425D-8925-1CBC80812098}.Release|x64.ActiveCfg = Release|x64
		{E090ED37-2625-425D-8925-1CBC80812098}.Release|x64.Build.0 = Release|x64
		{E090ED37-2625-425D-8925-1CBC80812098}.Release|x86.ActiveCfg = Release|Win32
		{E090ED37-2625-425D-8925-1CBC80812098}.Release|x86.Build.0 = Release|Win32
		{03C1F3EC-8DF3-4FD1-B0CF-F5B353014C04}.Debug|x64.ActiveCfg = Debug|x64
		{03C1F3EC-8DF3-4FD1-B0CF-F5B353014C04}.Debug|x64.Build.0 = Debug|x64
		{03C1F3EC-8DF3-4FD1-B0CF-F5B353014C04}.Debug|x86.ActiveCfg = Debug|Win32
		{03C1F3EC-8DF3-4FD1-B0CF-F5B353014C04}.Debug|x86.Build.0 = Debug|Win32
		{03C1F3EC-8DF3-4FD1-B0CF-F5B353014C04}.Release|x64.ActiveCfg = Release|x64
		{03C1F3EC-8DF3-4FD1-B0CF-F5B353014C04}.Release|x64.Build.0 = Release|x64
		{03C1F3EC-8DF3-4FD1-B0CF-F5B353014C04}.Release|x86.ActiveCfg = Release|Win32
		{03C1F3EC-8DF3-4FD1-B0CF-F5B353014C04}.Release|x86.Build.0 = Release|Win32
		{90AB0AC5-E4C0-4C82-B12D-F43DFDDEF306}.Debug|x64.ActiveCfg = Debug|x64
		{90AB0AC5-E4C0-4C82-B12D-F43DFDDEF306}.Debug|x64.Build.0 = Debug|x64
		{90AB0AC5-E4C0-4C82-B12D-F43DFDDEF306}.Debug|x86.ActiveCfg = Debug|Win32
		{90AB0AC5-E4C0-4C82-B12D-F43DFDDEF306}.Debug|x86.Build.0 = Debug|Win32
		{90AB0AC5-E4C0-4C82-B12D-F43DFDDEF306}.Release|x64.ActiveCfg = Release|x64
		{90AB0AC5-E4C0-4C82-B12D-F43DFDDEF306}.Release|x64.Build.0 = Release|x64
		{90AB0AC5-E4C0-4C82-B12D-F43DFDDEF306}.Release|x86.ActiveCfg = Release|Win32
		{90AB0AC5-E4C0-4C82-B12D-F43DFDDEF306}.Release|x86.Build.0 = Release|Win32
		{3EE42729-8302-4DC0-9CAB-BC1DBBD9B436}.Debug|x64.ActiveCfg = Debug|x64
		{3EE42729-8302-4DC0-9CAB-BC1DBBD9B436}.Debug|x64.Build.0 = Debug|x64
		{3EE42729-8302-4DC0-9CAB-BC1DBBD9B436}.Debug|x86.ActiveCfg = Debug|Win32
		{3EE42729-8302-4DC0-9CAB-BC1DBBD9B436}.Debug|x86.Build.0 = Debug|Win32
		{3EE42729-8302-4DC0-9CAB-BC1DBBD9B436}.Release|x64.ActiveCfg = Release|x64
		{3EE42729-8302-4DC0-9CAB-BC1DBBD9B436}.Release|x64.Build.0 = Release|x64
		{3EE42729-8302-4DC0-9CAB-BC1DBBD9B436}.Release|x86.ActiveCfg = Release|Win32
		{3EE42729-8302-4DC0-9CAB-BC1DBBD9B436}.Release|x86.Build.0 = Release|Win32
	EndGlobalSection
	GlobalSection(SolutionProperties) = preSolution
		HideSolutionNode = FALSE
	EndGlobalSection
	GlobalSection(NestedProjects) = preSolution
		{4E951F70-A529-4851-9C65-C7F93797FF88} = {32A01006-C522-453D-B2F0-7933BB0960E1}
		{A7BE50E3-CD07-4D92-A615-C75A82C2C8DD} = {32A01006-C522-453D-B2F0-7933BB0960E1}
		{E090ED37-2625-425D-8925-1CBC80812098} = {32A01006-C522-453D-B2F0-7933BB0960E1}
		{03C1F3EC-8DF3-4FD1-B0CF-F5B353014C04} = {32A01006-C522-453D-B2F0-7933BB0960E1}
		{90AB0AC5-E4C0-4C82-B12D-F43DFDDEF306} = {32A01006-C522-453D-B2F0-7933BB0960E1}
		{3EE42729-8302-4DC0-9CAB-BC1DBBD9B436} = {32A01006-C522-453D-B2F0-7933BB0960E1}
	EndGlobalSection
	GlobalSection(ExtensibilityGlobals) = postSolution
		SolutionGuid = {E831D0F8-9F5D-4E5F-8325-33410E5372D7}
	EndGlobalSection
EndGlobal
