
Microsoft Visual Studio Solution File, Format Version 12.00
# Visual Studio Version 16
VisualStudioVersion = 16.0.30503.244
MinimumVisualStudioVersion = 10.0.40219.1
Project("{2150E333-8FDC-42A3-9474-1A3956D46DE8}") = "Brickjoon", "Brickjoon", "{32A01006-C522-453D-B2F0-7933BB0960E1}"
EndProject
Project("{8BC9CEB8-8B4A-11D0-8D11-00A0C91BC942}") = "2845", "2845\2845.vcxproj", "{4E951F70-A529-4851-9C65-C7F93797FF88}"
EndProject
Project("{8BC9CEB8-8B4A-11D0-8D11-00A0C91BC942}") = "1550", "1550\1550.vcxproj", "{A7BE50E3-CD07-4D92-A615-C75A82C2C8DD}"
EndProject
Project("{8BC9CEB8-8B4A-11D0-8D11-00A0C91BC942}") = "10828", "10828\10828.vcxproj", "{E090ED37-2625-425D-8925-1CBC80812098}"
EndProject
Project("{8BC9CEB8-8B4A-11D0-8D11-00A0C91BC942}") = "10926", "10926\10926.vcxproj", "{03C1F3EC-8DF3-4FD1-B0CF-F5B353014C04}"
EndProject
Project("{8BC9CEB8-8B4A-11D0-8D11-00A0C91BC942}") = "1978", "1978\1978.vcxproj", "{90AB0AC5-E4C0-4C82-B12D-F43DFDDEF306}"
EndProject
Project("{8BC9CEB8-8B4A-11D0-8D11-00A0C91BC942}") = "9012", "9012\9012.vcxproj", "{3EE42729-8302-4DC0-9CAB-BC1DBBD9B436}"
EndProject
Project("{8BC9CEB8-8B4A-11D0-8D11-00A0C91BC942}") = "2751", "2751\2751.vcxproj", "{DE012F19-7E69-41B3-B272-376DDF7C097A}"
EndProject
Project("{8BC9CEB8-8B4A-11D0-8D11-00A0C91BC942}") = "10845", "10845\10845.vcxproj", "{6761FFDC-CEDD-47B4-9457-85CA478625F0}"
EndProject
Project("{8BC9CEB8-8B4A-11D0-8D11-00A0C91BC942}") = "2609", "2609\2609.vcxproj", "{7D1C8E5C-0D1C-40E0-9E31-66566A2C6B0E}"
EndProject
Project("{8BC9CEB8-8B4A-11D0-8D11-00A0C91BC942}") = "10250", "10250\10250.vcxproj", "{F3AD4061-309A-4A56-B498-C3379C5EDDB2}"
EndProject
Project("{8BC9CEB8-8B4A-11D0-8D11-00A0C91BC942}") = "2798", "2798\2798.vcxproj", "{9C84A443-6D7F-4ED1-B866-888205016C36}"
EndProject
Project("{8BC9CEB8-8B4A-11D0-8D11-00A0C91BC942}") = "1152", "1152\1152.vcxproj", "{A9C7AAE3-BFE7-413B-9DDF-B708A6CDA524}"
EndProject
Project("{8BC9CEB8-8B4A-11D0-8D11-00A0C91BC942}") = "2577", "2577\2577.vcxproj", "{15215A76-2385-4D95-883C-D56197283BDC}"
EndProject
Project("{8BC9CEB8-8B4A-11D0-8D11-00A0C91BC942}") = "Solved_Workspace", "Solved_Workspace\Solved_Workspace.vcxproj", "{ACDDDA4C-0750-4722-BBE2-65B9689141F5}"
EndProject
Global
	GlobalSection(SolutionConfigurationPlatforms) = preSolution
		Debug|x64 = Debug|x64
		Debug|x86 = Debug|x86
		Release|x64 = Release|x64
		Release|x86 = Release|x86
	EndGlobalSection
	GlobalSection(ProjectConfigurationPlatforms) = postSolution
		{4E951F70-A529-4851-9C65-C7F93797FF88}.Debug|x64.ActiveCfg = Debug|x64
		{4E951F70-A529-4851-9C65-C7F93797FF88}.Debug|x64.Build.0 = Debug|x64
		{4E951F70-A529-4851-9C65-C7F93797FF88}.Debug|x86.ActiveCfg = Debug|Win32
		{4E951F70-A529-4851-9C65-C7F93797FF88}.Debug|x86.Build.0 = Debug|Win32
		{4E951F70-A529-4851-9C65-C7F93797FF88}.Release|x64.ActiveCfg = Release|x64
		{4E951F70-A529-4851-9C65-C7F93797FF88}.Release|x64.Build.0 = Release|x64
		{4E951F70-A529-4851-9C65-C7F93797FF88}.Release|x86.ActiveCfg = Release|Win32
		{4E951F70-A529-4851-9C65-C7F93797FF88}.Release|x86.Build.0 = Release|Win32
		{A7BE50E3-CD07-4D92-A615-C75A82C2C8DD}.Debug|x64.ActiveCfg = Debug|x64
		{A7BE50E3-CD07-4D92-A615-C75A82C2C8DD}.Debug|x64.Build.0 = Debug|x64
		{A7BE50E3-CD07-4D92-A615-C75A82C2C8DD}.Debug|x86.ActiveCfg = Debug|Win32
		{A7BE50E3-CD07-4D92-A615-C75A82C2C8DD}.Debug|x86.Build.0 = Debug|Win32
		{A7BE50E3-CD07-4D92-A615-C75A82C2C8DD}.Release|x64.ActiveCfg = Release|x64
		{A7BE50E3-CD07-4D92-A615-C75A82C2C8DD}.Release|x64.Build.0 = Release|x64
		{A7BE50E3-CD07-4D92-A615-C75A82C2C8DD}.Release|x86.ActiveCfg = Release|Win32
		{A7BE50E3-CD07-4D92-A615-C75A82C2C8DD}.Release|x86.Build.0 = Release|Win32
		{E090ED37-2625-425D-8925-1CBC80812098}.Debug|x64.ActiveCfg = Debug|x64
		{E090ED37-2625-425D-8925-1CBC80812098}.Debug|x64.Build.0 = Debug|x64
		{E090ED37-2625-425D-8925-1CBC80812098}.Debug|x86.ActiveCfg = Debug|Win32
		{E090ED37-2625-425D-8925-1CBC80812098}.Debug|x86.Build.0 = Debug|Win32
		{E090ED37-2625-425D-8925-1CBC80812098}.Release|x64.ActiveCfg = Release|x64
		{E090ED37-2625-425D-8925-1CBC80812098}.Release|x64.Build.0 = Release|x64
		{E090ED37-2625-425D-8925-1CBC80812098}.Release|x86.ActiveCfg = Release|Win32
		{E090ED37-2625-425D-8925-1CBC80812098}.Release|x86.Build.0 = Release|Win32
		{03C1F3EC-8DF3-4FD1-B0CF-F5B353014C04}.Debug|x64.ActiveCfg = Debug|x64
		{03C1F3EC-8DF3-4FD1-B0CF-F5B353014C04}.Debug|x64.Build.0 = Debug|x64
		{03C1F3EC-8DF3-4FD1-B0CF-F5B353014C04}.Debug|x86.ActiveCfg = Debug|Win32
		{03C1F3EC-8DF3-4FD1-B0CF-F5B353014C04}.Debug|x86.Build.0 = Debug|Win32
		{03C1F3EC-8DF3-4FD1-B0CF-F5B353014C04}.Release|x64.ActiveCfg = Release|x64
		{03C1F3EC-8DF3-4FD1-B0CF-F5B353014C04}.Release|x64.Build.0 = Release|x64
		{03C1F3EC-8DF3-4FD1-B0CF-F5B353014C04}.Release|x86.ActiveCfg = Release|Win32
		{03C1F3EC-8DF3-4FD1-B0CF-F5B353014C04}.Release|x86.Build.0 = Release|Win32
		{90AB0AC5-E4C0-4C82-B12D-F43DFDDEF306}.Debug|x64.ActiveCfg = Debug|x64
		{90AB0AC5-E4C0-4C82-B12D-F43DFDDEF306}.Debug|x64.Build.0 = Debug|x64
		{90AB0AC5-E4C0-4C82-B12D-F43DFDDEF306}.Debug|x86.ActiveCfg = Debug|Win32
		{90AB0AC5-E4C0-4C82-B12D-F43DFDDEF306}.Debug|x86.Build.0 = Debug|Win32
		{90AB0AC5-E4C0-4C82-B12D-F43DFDDEF306}.Release|x64.ActiveCfg = Release|x64
		{90AB0AC5-E4C0-4C82-B12D-F43DFDDEF306}.Release|x64.Build.0 = Release|x64
		{90AB0AC5-E4C0-4C82-B12D-F43DFDDEF306}.Release|x86.ActiveCfg = Release|Win32
		{90AB0AC5-E4C0-4C82-B12D-F43DFDDEF306}.Release|x86.Build.0 = Release|Win32
		{3EE42729-8302-4DC0-9CAB-BC1DBBD9B436}.Debug|x64.ActiveCfg = Debug|x64
		{3EE42729-8302-4DC0-9CAB-BC1DBBD9B436}.Debug|x64.Build.0 = Debug|x64
		{3EE42729-8302-4DC0-9CAB-BC1DBBD9B436}.Debug|x86.ActiveCfg = Debug|Win32
		{3EE42729-8302-4DC0-9CAB-BC1DBBD9B436}.Debug|x86.Build.0 = Debug|Win32
		{3EE42729-8302-4DC0-9CAB-BC1DBBD9B436}.Release|x64.ActiveCfg = Release|x64
		{3EE42729-8302-4DC0-9CAB-BC1DBBD9B436}.Release|x64.Build.0 = Release|x64
		{3EE42729-8302-4DC0-9CAB-BC1DBBD9B436}.Release|x86.ActiveCfg = Release|Win32
		{3EE42729-8302-4DC0-9CAB-BC1DBBD9B436}.Release|x86.Build.0 = Release|Win32
		{DE012F19-7E69-41B3-B272-376DDF7C097A}.Debug|x64.ActiveCfg = Debug|x64
		{DE012F19-7E69-41B3-B272-376DDF7C097A}.Debug|x64.Build.0 = Debug|x64
		{DE012F19-7E69-41B3-B272-376DDF7C097A}.Debug|x86.ActiveCfg = Debug|Win32
		{DE012F19-7E69-41B3-B272-376DDF7C097A}.Debug|x86.Build.0 = Debug|Win32
		{DE012F19-7E69-41B3-B272-376DDF7C097A}.Release|x64.ActiveCfg = Release|x64
		{DE012F19-7E69-41B3-B272-376DDF7C097A}.Release|x64.Build.0 = Release|x64
		{DE012F19-7E69-41B3-B272-376DDF7C097A}.Release|x86.ActiveCfg = Release|Win32
		{DE012F19-7E69-41B3-B272-376DDF7C097A}.Release|x86.Build.0 = Release|Win32
		{6761FFDC-CEDD-47B4-9457-85CA478625F0}.Debug|x64.ActiveCfg = Debug|x64
		{6761FFDC-CEDD-47B4-9457-85CA478625F0}.Debug|x64.Build.0 = Debug|x64
		{6761FFDC-CEDD-47B4-9457-85CA478625F0}.Debug|x86.ActiveCfg = Debug|Win32
		{6761FFDC-CEDD-47B4-9457-85CA478625F0}.Debug|x86.Build.0 = Debug|Win32
		{6761FFDC-CEDD-47B4-9457-85CA478625F0}.Release|x64.ActiveCfg = Release|x64
		{6761FFDC-CEDD-47B4-9457-85CA478625F0}.Release|x64.Build.0 = Release|x64
		{6761FFDC-CEDD-47B4-9457-85CA478625F0}.Release|x86.ActiveCfg = Release|Win32
		{6761FFDC-CEDD-47B4-9457-85CA478625F0}.Release|x86.Build.0 = Release|Win32
		{7D1C8E5C-0D1C-40E0-9E31-66566A2C6B0E}.Debug|x64.ActiveCfg = Debug|x64
		{7D1C8E5C-0D1C-40E0-9E31-66566A2C6B0E}.Debug|x64.Build.0 = Debug|x64
		{7D1C8E5C-0D1C-40E0-9E31-66566A2C6B0E}.Debug|x86.ActiveCfg = Debug|Win32
		{7D1C8E5C-0D1C-40E0-9E31-66566A2C6B0E}.Debug|x86.Build.0 = Debug|Win32
		{7D1C8E5C-0D1C-40E0-9E31-66566A2C6B0E}.Release|x64.ActiveCfg = Release|x64
		{7D1C8E5C-0D1C-40E0-9E31-66566A2C6B0E}.Release|x64.Build.0 = Release|x64
		{7D1C8E5C-0D1C-40E0-9E31-66566A2C6B0E}.Release|x86.ActiveCfg = Release|Win32
		{7D1C8E5C-0D1C-40E0-9E31-66566A2C6B0E}.Release|x86.Build.0 = Release|Win32
		{F3AD4061-309A-4A56-B498-C3379C5EDDB2}.Debug|x64.ActiveCfg = Debug|x64
		{F3AD4061-309A-4A56-B498-C3379C5EDDB2}.Debug|x64.Build.0 = Debug|x64
		{F3AD4061-309A-4A56-B498-C3379C5EDDB2}.Debug|x86.ActiveCfg = Debug|Win32
		{F3AD4061-309A-4A56-B498-C3379C5EDDB2}.Debug|x86.Build.0 = Debug|Win32
		{F3AD4061-309A-4A56-B498-C3379C5EDDB2}.Release|x64.ActiveCfg = Release|x64
		{F3AD4061-309A-4A56-B498-C3379C5EDDB2}.Release|x64.Build.0 = Release|x64
		{F3AD4061-309A-4A56-B498-C3379C5EDDB2}.Release|x86.ActiveCfg = Release|Win32
		{F3AD4061-309A-4A56-B498-C3379C5EDDB2}.Release|x86.Build.0 = Release|Win32
		{9C84A443-6D7F-4ED1-B866-888205016C36}.Debug|x64.ActiveCfg = Debug|x64
		{9C84A443-6D7F-4ED1-B866-888205016C36}.Debug|x64.Build.0 = Debug|x64
		{9C84A443-6D7F-4ED1-B866-888205016C36}.Debug|x86.ActiveCfg = Debug|Win32
		{9C84A443-6D7F-4ED1-B866-888205016C36}.Debug|x86.Build.0 = Debug|Win32
		{9C84A443-6D7F-4ED1-B866-888205016C36}.Release|x64.ActiveCfg = Release|x64
		{9C84A443-6D7F-4ED1-B866-888205016C36}.Release|x64.Build.0 = Release|x64
		{9C84A443-6D7F-4ED1-B866-888205016C36}.Release|x86.ActiveCfg = Release|Win32
		{9C84A443-6D7F-4ED1-B866-888205016C36}.Release|x86.Build.0 = Release|Win32
		{A9C7AAE3-BFE7-413B-9DDF-B708A6CDA524}.Debug|x64.ActiveCfg = Debug|x64
		{A9C7AAE3-BFE7-413B-9DDF-B708A6CDA524}.Debug|x64.Build.0 = Debug|x64
		{A9C7AAE3-BFE7-413B-9DDF-B708A6CDA524}.Debug|x86.ActiveCfg = Debug|Win32
		{A9C7AAE3-BFE7-413B-9DDF-B708A6CDA524}.Debug|x86.Build.0 = Debug|Win32
		{A9C7AAE3-BFE7-413B-9DDF-B708A6CDA524}.Release|x64.ActiveCfg = Release|x64
		{A9C7AAE3-BFE7-413B-9DDF-B708A6CDA524}.Release|x64.Build.0 = Release|x64
		{A9C7AAE3-BFE7-413B-9DDF-B708A6CDA524}.Release|x86.ActiveCfg = Release|Win32
		{A9C7AAE3-BFE7-413B-9DDF-B708A6CDA524}.Release|x86.Build.0 = Release|Win32
		{15215A76-2385-4D95-883C-D56197283BDC}.Debug|x64.ActiveCfg = Debug|x64
		{15215A76-2385-4D95-883C-D56197283BDC}.Debug|x64.Build.0 = Debug|x64
		{15215A76-2385-4D95-883C-D56197283BDC}.Debug|x86.ActiveCfg = Debug|Win32
		{15215A76-2385-4D95-883C-D56197283BDC}.Debug|x86.Build.0 = Debug|Win32
		{15215A76-2385-4D95-883C-D56197283BDC}.Release|x64.ActiveCfg = Release|x64
		{15215A76-2385-4D95-883C-D56197283BDC}.Release|x64.Build.0 = Release|x64
		{15215A76-2385-4D95-883C-D56197283BDC}.Release|x86.ActiveCfg = Release|Win32
		{15215A76-2385-4D95-883C-D56197283BDC}.Release|x86.Build.0 = Release|Win32
		{ACDDDA4C-0750-4722-BBE2-65B9689141F5}.Debug|x64.ActiveCfg = Debug|x64
		{ACDDDA4C-0750-4722-BBE2-65B9689141F5}.Debug|x64.Build.0 = Debug|x64
		{ACDDDA4C-0750-4722-BBE2-65B9689141F5}.Debug|x86.ActiveCfg = Debug|Win32
		{ACDDDA4C-0750-4722-BBE2-65B9689141F5}.Debug|x86.Build.0 = Debug|Win32
		{ACDDDA4C-0750-4722-BBE2-65B9689141F5}.Release|x64.ActiveCfg = Release|x64
		{ACDDDA4C-0750-4722-BBE2-65B9689141F5}.Release|x64.Build.0 = Release|x64
		{ACDDDA4C-0750-4722-BBE2-65B9689141F5}.Release|x86.ActiveCfg = Release|Win32
		{ACDDDA4C-0750-4722-BBE2-65B9689141F5}.Release|x86.Build.0 = Release|Win32
	EndGlobalSection
	GlobalSection(SolutionProperties) = preSolution
		HideSolutionNode = FALSE
	EndGlobalSection
	GlobalSection(NestedProjects) = preSolution
		{4E951F70-A529-4851-9C65-C7F93797FF88} = {32A01006-C522-453D-B2F0-7933BB0960E1}
		{A7BE50E3-CD07-4D92-A615-C75A82C2C8DD} = {32A01006-C522-453D-B2F0-7933BB0960E1}
		{E090ED37-2625-425D-8925-1CBC80812098} = {32A01006-C522-453D-B2F0-7933BB0960E1}
		{03C1F3EC-8DF3-4FD1-B0CF-F5B353014C04} = {32A01006-C522-453D-B2F0-7933BB0960E1}
		{90AB0AC5-E4C0-4C82-B12D-F43DFDDEF306} = {32A01006-C522-453D-B2F0-7933BB0960E1}
		{3EE42729-8302-4DC0-9CAB-BC1DBBD9B436} = {32A01006-C522-453D-B2F0-7933BB0960E1}
		{DE012F19-7E69-41B3-B272-376DDF7C097A} = {32A01006-C522-453D-B2F0-7933BB0960E1}
		{6761FFDC-CEDD-47B4-9457-85CA478625F0} = {32A01006-C522-453D-B2F0-7933BB0960E1}
		{7D1C8E5C-0D1C-40E0-9E31-66566A2C6B0E} = {32A01006-C522-453D-B2F0-7933BB0960E1}
		{F3AD4061-309A-4A56-B498-C3379C5EDDB2} = {32A01006-C522-453D-B2F0-7933BB0960E1}
		{9C84A443-6D7F-4ED1-B866-888205016C36} = {32A01006-C522-453D-B2F0-7933BB0960E1}
		{A9C7AAE3-BFE7-413B-9DDF-B708A6CDA524} = {32A01006-C522-453D-B2F0-7933BB0960E1}
		{15215A76-2385-4D95-883C-D56197283BDC} = {32A01006-C522-453D-B2F0-7933BB0960E1}
		{ACDDDA4C-0750-4722-BBE2-65B9689141F5} = {32A01006-C522-453D-B2F0-7933BB0960E1}
	EndGlobalSection
	GlobalSection(ExtensibilityGlobals) = postSolution
		SolutionGuid = {E831D0F8-9F5D-4E5F-8325-33410E5372D7}
	EndGlobalSection
EndGlobal
